
Microsoft Visual Studio Solution File, Format Version 12.00
# Visual Studio Version 17
VisualStudioVersion = 17.8.34525.116
MinimumVisualStudioVersion = 10.0.40219.1
Project("{FAE04EC0-301F-11D3-BF4B-00C04F79EFBC}") = "prueba_mvc", "prueba_mvc\prueba_mvc.csproj", "{0045F44E-D829-4D94-B2A4-5988466EF81B}"
EndProject
Global
	GlobalSection(SolutionConfigurationPlatforms) = preSolution
		Debug|Any CPU = Debug|Any CPU
		Release|Any CPU = Release|Any CPU
	EndGlobalSection
	GlobalSection(ProjectConfigurationPlatforms) = postSolution
		{0045F44E-D829-4D94-B2A4-5988466EF81B}.Debug|Any CPU.ActiveCfg = Debug|Any CPU
		{0045F44E-D829-4D94-B2A4-5988466EF81B}.Debug|Any CPU.Build.0 = Debug|Any CPU
		{0045F44E-D829-4D94-B2A4-5988466EF81B}.Release|Any CPU.ActiveCfg = Release|Any CPU
		{0045F44E-D829-4D94-B2A4-5988466EF81B}.Release|Any CPU.Build.0 = Release|Any CPU
	EndGlobalSection
	GlobalSection(SolutionProperties) = preSolution
		HideSolutionNode = FALSE
	EndGlobalSection
	GlobalSection(ExtensibilityGlobals) = postSolution
		SolutionGuid = {CF04B6FF-079B-4334-A0E6-B73E3D00CB34}
	EndGlobalSection
EndGlobal
